# This file is autogenerated, do not edit; changes may be undone by the next 'dep ensure'.


[[projects]]
  branch = "master"
  name = "github.com/fuchsi/bencode"
  packages = ["."]
  revision = "4fa7d46f0024c8cb89c7a4c3229573307d2725e3"

[[projects]]
  branch = "master"
  name = "github.com/fuchsi/torrentfile"
  packages = ["."]
  revision = "cb2a53c5cec70e911d24fcb5b27da97cc5063335"

[[projects]]
  branch = "master"
  name = "github.com/pborman/getopt"
  packages = ["v2"]
  revision = "7148bc3a4c3008adfcab60cbebfd0576018f330b"

[solve-meta]
  analyzer-name = "dep"
  analyzer-version = 1
  inputs-digest = "f37f891a8e7e6f846320040f7487fcaf56c296e6d8727de2463c8639c072d6d3"
  solver-name = "gps-cdcl"
  solver-version = 1
